
Microsoft Visual Studio Solution File, Format Version 12.00
# Visual Studio 2013
VisualStudioVersion = 12.0.31101.0
MinimumVisualStudioVersion = 10.0.40219.1
Project("{FAE04EC0-301F-11D3-BF4B-00C04F79EFBC}") = "bookDemo.Objects", "Objects\bookDemo.Objects.csproj", "{157F3742-616F-480B-9840-776C811DAC6A}"
EndProject
Project("{FAE04EC0-301F-11D3-BF4B-00C04F79EFBC}") = "bookDemo.ODataBackend", "ODataBackend\bookDemo.ODataBackend.csproj", "{AA972777-CE2A-4E1B-9DFA-4DB7C4BD3B15}"
EndProject
Global
	GlobalSection(SolutionConfigurationPlatforms) = preSolution
Debug|Any CPU = Debug|Any CPU
Release|Any CPU = Release|Any CPU
	EndGlobalSection
	GlobalSection(ProjectConfigurationPlatforms) = postSolution
		{157F3742-616F-480B-9840-776C811DAC6A}.Debug|Any CPU.ActiveCfg = Debug|Any CPU
		{157F3742-616F-480B-9840-776C811DAC6A}.Debug|Any CPU.Build.0 = Debug|Any CPU
		{157F3742-616F-480B-9840-776C811DAC6A}.Release|Any CPU.ActiveCfg = Release|Any CPU
		{157F3742-616F-480B-9840-776C811DAC6A}.Release|Any CPU.Build.0 = Release|Any CPU
		{AA972777-CE2A-4E1B-9DFA-4DB7C4BD3B15}.Debug|Any CPU.ActiveCfg = Debug|Any CPU
		{AA972777-CE2A-4E1B-9DFA-4DB7C4BD3B15}.Debug|Any CPU.Build.0 = Debug|Any CPU
		{AA972777-CE2A-4E1B-9DFA-4DB7C4BD3B15}.Release|Any CPU.ActiveCfg = Release|Any CPU
		{AA972777-CE2A-4E1B-9DFA-4DB7C4BD3B15}.Release|Any CPU.Build.0 = Release|Any CPU
	EndGlobalSection
	GlobalSection(SolutionProperties) = preSolution
		HideSolutionNode = FALSE
	EndGlobalSection
EndGlobal
